
Microsoft Visual Studio Solution File, Format Version 12.00
# Visual Studio Version 17
VisualStudioVersion = 17.3.32901.215
MinimumVisualStudioVersion = 10.0.40219.1
Project("{FAE04EC0-301F-11D3-BF4B-00C04F79EFBC}") = "Twitch spammer", "Twitch spammer\Twitch spammer.csproj", "{4D0089C9-FA9B-4FAA-BA1B-B02214081746}"
EndProject
Global
	GlobalSection(SolutionConfigurationPlatforms) = preSolution
		Debug|Any CPU = Debug|Any CPU
		Release|Any CPU = Release|Any CPU
	EndGlobalSection
	GlobalSection(ProjectConfigurationPlatforms) = postSolution
		{4D0089C9-FA9B-4FAA-BA1B-B02214081746}.Debug|Any CPU.ActiveCfg = Debug|Any CPU
		{4D0089C9-FA9B-4FAA-BA1B-B02214081746}.Debug|Any CPU.Build.0 = Debug|Any CPU
		{4D0089C9-FA9B-4FAA-BA1B-B02214081746}.Release|Any CPU.ActiveCfg = Release|Any CPU
		{4D0089C9-FA9B-4FAA-BA1B-B02214081746}.Release|Any CPU.Build.0 = Release|Any CPU
	EndGlobalSection
	GlobalSection(SolutionProperties) = preSolution
		HideSolutionNode = FALSE
	EndGlobalSection
	GlobalSection(ExtensibilityGlobals) = postSolution
		SolutionGuid = {016AD25C-F180-448D-A266-861498361B04}
	EndGlobalSection
EndGlobal
